
Microsoft Visual Studio Solution File, Format Version 12.00
# Visual Studio Version 17
VisualStudioVersion = 17.3.32811.315
MinimumVisualStudioVersion = 10.0.40219.1
Project("{FAE04EC0-301F-11D3-BF4B-00C04F79EFBC}") = "WebAppDemo", "WebAppDemo\WebAppDemo.csproj", "{8D092567-6E21-45DA-8027-E7F66452740E}"
EndProject
Global
	GlobalSection(SolutionConfigurationPlatforms) = preSolution
		Debug|Any CPU = Debug|Any CPU
		Release|Any CPU = Release|Any CPU
	EndGlobalSection
	GlobalSection(ProjectConfigurationPlatforms) = postSolution
		{8D092567-6E21-45DA-8027-E7F66452740E}.Debug|Any CPU.ActiveCfg = Debug|Any CPU
		{8D092567-6E21-45DA-8027-E7F66452740E}.Debug|Any CPU.Build.0 = Debug|Any CPU
		{8D092567-6E21-45DA-8027-E7F66452740E}.Release|Any CPU.ActiveCfg = Release|Any CPU
		{8D092567-6E21-45DA-8027-E7F66452740E}.Release|Any CPU.Build.0 = Release|Any CPU
	EndGlobalSection
	GlobalSection(SolutionProperties) = preSolution
		HideSolutionNode = FALSE
	EndGlobalSection
	GlobalSection(ExtensibilityGlobals) = postSolution
		SolutionGuid = {1AEC0307-3437-4565-A90D-E18C07FEC73B}
	EndGlobalSection
EndGlobal
